
Microsoft Visual Studio Solution File, Format Version 12.00
# Visual Studio Version 17
VisualStudioVersion = 17.0.31903.59
MinimumVisualStudioVersion = 10.0.40219.1
Project("{2150E333-8FDC-42A3-9474-1A3956D46DE8}") = "Solution Items", "Solution Items", "{6DFCE5BB-1112-4EAA-B99B-A271F67552A1}"
	ProjectSection(SolutionItems) = preProject
		.editorconfig = .editorconfig
		Directory.Build.props = Directory.Build.props
		src\Directory.Build.props = src\Directory.Build.props
		Directory.Packages.props = Directory.Packages.props
	EndProjectSection
EndProject
Project("{2150E333-8FDC-42A3-9474-1A3956D46DE8}") = "src", "src", "{7157437E-B34A-4E47-AB48-08E6B1D25163}"
EndProject
Project("{FAE04EC0-301F-11D3-BF4B-00C04F79EFBC}") = "Core", "src\Core\Core.csproj", "{9DEC141B-D5EA-4B39-8A4F-F290CE510B5D}"
EndProject
Project("{FAE04EC0-301F-11D3-BF4B-00C04F79EFBC}") = "Models", "src\Models\Models.csproj", "{7ED3ED89-7903-49EE-860F-3D66FB65ADCF}"
EndProject
Project("{2150E333-8FDC-42A3-9474-1A3956D46DE8}") = "tests", "tests", "{0BF02329-3658-46FF-B533-4B618B99516F}"
EndProject
Project("{2150E333-8FDC-42A3-9474-1A3956D46DE8}") = "unit", "unit", "{F8433AAB-4B6F-4307-94F4-317456D28661}"
EndProject
Project("{2150E333-8FDC-42A3-9474-1A3956D46DE8}") = "Core", "Core", "{7C2ECA38-9ACD-40C9-B411-F7E8DA95B520}"
EndProject
Project("{FAE04EC0-301F-11D3-BF4B-00C04F79EFBC}") = "SyntacticCSharpAttributeNamedAssociator", "tests\unit\Core\SyntacticCSharpAttributeNamedAssociator\SyntacticCSharpAttributeNamedAssociator.csproj", "{1F97C36A-1C6D-48CF-BC9F-A289936A3F42}"
EndProject
Project("{2150E333-8FDC-42A3-9474-1A3956D46DE8}") = "integration", "integration", "{A3431247-267F-429F-895E-FC7C040E8893}"
EndProject
Project("{2150E333-8FDC-42A3-9474-1A3956D46DE8}") = "Core", "Core", "{6B6F1584-DE55-4606-8896-1BD0E2FC31AA}"
EndProject
Project("{2150E333-8FDC-42A3-9474-1A3956D46DE8}") = "SyntacticCSharpAttributeNamedAssociator", "SyntacticCSharpAttributeNamedAssociator", "{2F635F82-845C-4696-B07C-39E4D7BBDC9B}"
EndProject
Project("{FAE04EC0-301F-11D3-BF4B-00C04F79EFBC}") = "SyntacticCSharpAttributeNamedAssociator_CSharp12", "tests\integration\Core\SyntacticCSharpAttributeNamedAssociator\CSharp12\SyntacticCSharpAttributeNamedAssociator_CSharp12.csproj", "{FD010F4E-41AD-4142-B39B-9EFBA68A4E6A}"
EndProject
Global
	GlobalSection(SolutionConfigurationPlatforms) = preSolution
		Debug|Any CPU = Debug|Any CPU
		Release|Any CPU = Release|Any CPU
	EndGlobalSection
	GlobalSection(ProjectConfigurationPlatforms) = postSolution
		{9DEC141B-D5EA-4B39-8A4F-F290CE510B5D}.Debug|Any CPU.ActiveCfg = Debug|Any CPU
		{9DEC141B-D5EA-4B39-8A4F-F290CE510B5D}.Debug|Any CPU.Build.0 = Debug|Any CPU
		{9DEC141B-D5EA-4B39-8A4F-F290CE510B5D}.Release|Any CPU.ActiveCfg = Release|Any CPU
		{9DEC141B-D5EA-4B39-8A4F-F290CE510B5D}.Release|Any CPU.Build.0 = Release|Any CPU
		{7ED3ED89-7903-49EE-860F-3D66FB65ADCF}.Debug|Any CPU.ActiveCfg = Debug|Any CPU
		{7ED3ED89-7903-49EE-860F-3D66FB65ADCF}.Debug|Any CPU.Build.0 = Debug|Any CPU
		{7ED3ED89-7903-49EE-860F-3D66FB65ADCF}.Release|Any CPU.ActiveCfg = Release|Any CPU
		{7ED3ED89-7903-49EE-860F-3D66FB65ADCF}.Release|Any CPU.Build.0 = Release|Any CPU
		{1F97C36A-1C6D-48CF-BC9F-A289936A3F42}.Debug|Any CPU.ActiveCfg = Debug|Any CPU
		{1F97C36A-1C6D-48CF-BC9F-A289936A3F42}.Debug|Any CPU.Build.0 = Debug|Any CPU
		{1F97C36A-1C6D-48CF-BC9F-A289936A3F42}.Release|Any CPU.ActiveCfg = Release|Any CPU
		{1F97C36A-1C6D-48CF-BC9F-A289936A3F42}.Release|Any CPU.Build.0 = Release|Any CPU
		{FD010F4E-41AD-4142-B39B-9EFBA68A4E6A}.Debug|Any CPU.ActiveCfg = Debug|Any CPU
		{FD010F4E-41AD-4142-B39B-9EFBA68A4E6A}.Debug|Any CPU.Build.0 = Debug|Any CPU
		{FD010F4E-41AD-4142-B39B-9EFBA68A4E6A}.Release|Any CPU.ActiveCfg = Release|Any CPU
		{FD010F4E-41AD-4142-B39B-9EFBA68A4E6A}.Release|Any CPU.Build.0 = Release|Any CPU
	EndGlobalSection
	GlobalSection(SolutionProperties) = preSolution
		HideSolutionNode = FALSE
	EndGlobalSection
	GlobalSection(NestedProjects) = preSolution
		{9DEC141B-D5EA-4B39-8A4F-F290CE510B5D} = {7157437E-B34A-4E47-AB48-08E6B1D25163}
		{7ED3ED89-7903-49EE-860F-3D66FB65ADCF} = {7157437E-B34A-4E47-AB48-08E6B1D25163}
		{F8433AAB-4B6F-4307-94F4-317456D28661} = {0BF02329-3658-46FF-B533-4B618B99516F}
		{7C2ECA38-9ACD-40C9-B411-F7E8DA95B520} = {F8433AAB-4B6F-4307-94F4-317456D28661}
		{1F97C36A-1C6D-48CF-BC9F-A289936A3F42} = {7C2ECA38-9ACD-40C9-B411-F7E8DA95B520}
		{A3431247-267F-429F-895E-FC7C040E8893} = {0BF02329-3658-46FF-B533-4B618B99516F}
		{6B6F1584-DE55-4606-8896-1BD0E2FC31AA} = {A3431247-267F-429F-895E-FC7C040E8893}
		{2F635F82-845C-4696-B07C-39E4D7BBDC9B} = {6B6F1584-DE55-4606-8896-1BD0E2FC31AA}
		{FD010F4E-41AD-4142-B39B-9EFBA68A4E6A} = {2F635F82-845C-4696-B07C-39E4D7BBDC9B}
	EndGlobalSection
	GlobalSection(ExtensibilityGlobals) = postSolution
		SolutionGuid = {03179225-A3B7-47F2-BED2-FFC518DCFD28}
	EndGlobalSection
EndGlobal
