
Microsoft Visual Studio Solution File, Format Version 12.00
# Visual Studio Version 17
VisualStudioVersion = 17.0.31903.59
MinimumVisualStudioVersion = 10.0.40219.1
Project("{2150E333-8FDC-42A3-9474-1A3956D46DE8}") = "Solution Items", "Solution Items", "{6DFCE5BB-1112-4EAA-B99B-A271F67552A1}"
	ProjectSection(SolutionItems) = preProject
		.editorconfig = .editorconfig
		Directory.Build.props = Directory.Build.props
		src\Directory.Build.props = src\Directory.Build.props
		Directory.Packages.props = Directory.Packages.props
	EndProjectSection
EndProject
Project("{2150E333-8FDC-42A3-9474-1A3956D46DE8}") = "src", "src", "{7157437E-B34A-4E47-AB48-08E6B1D25163}"
EndProject
Project("{FAE04EC0-301F-11D3-BF4B-00C04F79EFBC}") = "Core", "src\Core\Core.csproj", "{9DEC141B-D5EA-4B39-8A4F-F290CE510B5D}"
EndProject
Project("{FAE04EC0-301F-11D3-BF4B-00C04F79EFBC}") = "Models", "src\Models\Models.csproj", "{7ED3ED89-7903-49EE-860F-3D66FB65ADCF}"
EndProject
Project("{2150E333-8FDC-42A3-9474-1A3956D46DE8}") = "tests", "tests", "{31F9574C-5405-48C8-8013-1D3EC6F6A1B0}"
EndProject
Project("{2150E333-8FDC-42A3-9474-1A3956D46DE8}") = "unit", "unit", "{ABF19D02-949A-41E9-A15F-0913CB9AEFD1}"
EndProject
Project("{2150E333-8FDC-42A3-9474-1A3956D46DE8}") = "Core", "Core", "{817C3880-0A30-48C2-8B88-92A43CB592C8}"
EndProject
Project("{FAE04EC0-301F-11D3-BF4B-00C04F79EFBC}") = "CSharpAttributeNamedAssociator", "tests\unit\Core\CSharpAttributeNamedAssociator\CSharpAttributeNamedAssociator.csproj", "{CCAF79A4-9C1C-41D7-BBB5-550B0219F04A}"
EndProject
Project("{2150E333-8FDC-42A3-9474-1A3956D46DE8}") = "integration", "integration", "{30CA766F-AF24-4B73-A185-D4188FF71E54}"
EndProject
Project("{2150E333-8FDC-42A3-9474-1A3956D46DE8}") = "Core", "Core", "{1970F734-B525-46DB-8E8E-4C0B94754165}"
EndProject
Project("{2150E333-8FDC-42A3-9474-1A3956D46DE8}") = "CSharpAttributeNamedAssociator", "CSharpAttributeNamedAssociator", "{D23DB5DB-EA49-4B6E-866D-3E36DE8BBF83}"
EndProject
Project("{FAE04EC0-301F-11D3-BF4B-00C04F79EFBC}") = "CSharpAttributeNamedAssociator_CSharp12", "tests\integration\Core\CSharpAttributeNamedAssociator\CSharp12\CSharpAttributeNamedAssociator_CSharp12.csproj", "{BD40B627-51F2-4094-AA50-EE5337E9F439}"
EndProject
Global
	GlobalSection(SolutionConfigurationPlatforms) = preSolution
		Debug|Any CPU = Debug|Any CPU
		Release|Any CPU = Release|Any CPU
	EndGlobalSection
	GlobalSection(ProjectConfigurationPlatforms) = postSolution
		{9DEC141B-D5EA-4B39-8A4F-F290CE510B5D}.Debug|Any CPU.ActiveCfg = Debug|Any CPU
		{9DEC141B-D5EA-4B39-8A4F-F290CE510B5D}.Debug|Any CPU.Build.0 = Debug|Any CPU
		{9DEC141B-D5EA-4B39-8A4F-F290CE510B5D}.Release|Any CPU.ActiveCfg = Release|Any CPU
		{9DEC141B-D5EA-4B39-8A4F-F290CE510B5D}.Release|Any CPU.Build.0 = Release|Any CPU
		{7ED3ED89-7903-49EE-860F-3D66FB65ADCF}.Debug|Any CPU.ActiveCfg = Debug|Any CPU
		{7ED3ED89-7903-49EE-860F-3D66FB65ADCF}.Debug|Any CPU.Build.0 = Debug|Any CPU
		{7ED3ED89-7903-49EE-860F-3D66FB65ADCF}.Release|Any CPU.ActiveCfg = Release|Any CPU
		{7ED3ED89-7903-49EE-860F-3D66FB65ADCF}.Release|Any CPU.Build.0 = Release|Any CPU
		{CCAF79A4-9C1C-41D7-BBB5-550B0219F04A}.Debug|Any CPU.ActiveCfg = Debug|Any CPU
		{CCAF79A4-9C1C-41D7-BBB5-550B0219F04A}.Debug|Any CPU.Build.0 = Debug|Any CPU
		{CCAF79A4-9C1C-41D7-BBB5-550B0219F04A}.Release|Any CPU.ActiveCfg = Release|Any CPU
		{CCAF79A4-9C1C-41D7-BBB5-550B0219F04A}.Release|Any CPU.Build.0 = Release|Any CPU
		{BD40B627-51F2-4094-AA50-EE5337E9F439}.Debug|Any CPU.ActiveCfg = Debug|Any CPU
		{BD40B627-51F2-4094-AA50-EE5337E9F439}.Debug|Any CPU.Build.0 = Debug|Any CPU
		{BD40B627-51F2-4094-AA50-EE5337E9F439}.Release|Any CPU.ActiveCfg = Release|Any CPU
		{BD40B627-51F2-4094-AA50-EE5337E9F439}.Release|Any CPU.Build.0 = Release|Any CPU
	EndGlobalSection
	GlobalSection(SolutionProperties) = preSolution
		HideSolutionNode = FALSE
	EndGlobalSection
	GlobalSection(NestedProjects) = preSolution
		{9DEC141B-D5EA-4B39-8A4F-F290CE510B5D} = {7157437E-B34A-4E47-AB48-08E6B1D25163}
		{7ED3ED89-7903-49EE-860F-3D66FB65ADCF} = {7157437E-B34A-4E47-AB48-08E6B1D25163}
		{ABF19D02-949A-41E9-A15F-0913CB9AEFD1} = {31F9574C-5405-48C8-8013-1D3EC6F6A1B0}
		{817C3880-0A30-48C2-8B88-92A43CB592C8} = {ABF19D02-949A-41E9-A15F-0913CB9AEFD1}
		{CCAF79A4-9C1C-41D7-BBB5-550B0219F04A} = {817C3880-0A30-48C2-8B88-92A43CB592C8}
		{30CA766F-AF24-4B73-A185-D4188FF71E54} = {31F9574C-5405-48C8-8013-1D3EC6F6A1B0}
		{1970F734-B525-46DB-8E8E-4C0B94754165} = {30CA766F-AF24-4B73-A185-D4188FF71E54}
		{D23DB5DB-EA49-4B6E-866D-3E36DE8BBF83} = {1970F734-B525-46DB-8E8E-4C0B94754165}
		{BD40B627-51F2-4094-AA50-EE5337E9F439} = {D23DB5DB-EA49-4B6E-866D-3E36DE8BBF83}
	EndGlobalSection
	GlobalSection(ExtensibilityGlobals) = postSolution
		SolutionGuid = {03179225-A3B7-47F2-BED2-FFC518DCFD28}
	EndGlobalSection
EndGlobal
